// !$*UTF8*$!
{
	archiveVersion = 1;
	classes = {
	};
	objectVersion = 48;
	objects = {

/* Begin PBXBuildFile section */
		648364B020554B7B0023C91B /* AppDelegate.m in Sources */ = {isa = PBXBuildFile; fileRef = 648364AF20554B7B0023C91B /* AppDelegate.m */; };
		648364B320554B7B0023C91B /* ViewController.m in Sources */ = {isa = PBXBuildFile; fileRef = 648364B220554B7B0023C91B /* ViewController.m */; };
		648364B620554B7B0023C91B /* Main.storyboard in Resources */ = {isa = PBXBuildFile; fileRef = 648364B420554B7B0023C91B /* Main.storyboard */; };
		648364B820554B7B0023C91B /* Assets.xcassets in Resources */ = {isa = PBXBuildFile; fileRef = 648364B720554B7B0023C91B /* Assets.xcassets */; };
		648364BB20554B7B0023C91B /* LaunchScreen.storyboard in Resources */ = {isa = PBXBuildFile; fileRef = 648364B920554B7B0023C91B /* LaunchScreen.storyboard */; };
		648364BE20554B7B0023C91B /* main.m in Sources */ = {isa = PBXBuildFile; fileRef = 648364BD20554B7B0023C91B /* main.m */; };
/* End PBXBuildFile section */

/* Begin PBXFileReference section */
		648364AB20554B7B0023C91B /* runloop.app */ = {isa = PBXFileReference; explicitFileType = wrapper.application; includeInIndex = 0; path = runloop.app; sourceTree = BUILT_PRODUCTS_DIR; };
		648364AE20554B7B0023C91B /* AppDelegate.h */ = {isa = PBXFileReference; lastKnownFileType = sourcecode.c.h; path = AppDelegate.h; sourceTree = "<group>"; };
		648364AF20554B7B0023C91B /* AppDelegate.m */ = {isa = PBXFileReference; lastKnownFileType = sourcecode.c.objc; path = AppDelegate.m; sourceTree = "<group>"; };
		648364B120554B7B0023C91B /* ViewController.h */ = {isa = PBXFileReference; lastKnownFileType = sourcecode.c.h; path = ViewController.h; sourceTree = "<group>"; };
		648364B220554B7B0023C91B /* ViewController.m */ = {isa = PBXFileReference; lastKnownFileType = sourcecode.c.objc; path = ViewController.m; sourceTree = "<group>"; };
		648364B520554B7B0023C91B /* Base */ = {isa = PBXFileReference; lastKnownFileType = file.storyboard; name = Base; path = Base.lproj/Main.storyboard; sourceTree = "<group>"; };
		648364B720554B7B0023C91B /* Assets.xcassets */ = {isa = PBXFileReference; lastKnownFileType = folder.assetcatalog; path = Assets.xcassets; sourceTree = "<group>"; };
		648364BA20554B7B0023C91B /* Base */ = {isa = PBXFileReference; lastKnownFileType = file.storyboard; name = Base; path = Base.lproj/LaunchScreen.storyboard; sourceTree = "<group>"; };
		648364BC20554B7B0023C91B /* Info.plist */ = {isa = PBXFileReference; lastKnownFileType = text.plist.xml; path = Info.plist; sourceTree = "<group>"; };
		648364BD20554B7B0023C91B /* main.m */ = {isa = PBXFileReference; lastKnownFileType = sourcecode.c.objc; path = main.m; sourceTree = "<group>"; };
/* End PBXFileReference section */

/* Begin PBXFrameworksBuildPhase section */
		648364A820554B7B0023C91B /* Frameworks */ = {
			isa = PBXFrameworksBuildPhase;
			buildActionMask = 2147483647;
			files = (
			);
			runOnlyForDeploymentPostprocessing = 0;
		};
/* End PBXFrameworksBuildPhase section */

/* Begin PBXGroup section */
		648364A220554B7B0023C91B = {
			isa = PBXGroup;
			children = (
				648364AD20554B7B0023C91B /* runloop */,
				648364AC20554B7B0023C91B /* Products */,
			);
			sourceTree = "<group>";
		};
		648364AC20554B7B0023C91B /* Products */ = {
			isa = PBXGroup;
			children = (
				648364AB20554B7B0023C91B /* runloop.app */,
			);
			name = Products;
			sourceTree = "<group>";
		};
		648364AD20554B7B0023C91B /* runloop */ = {
			isa = PBXGroup;
			children = (
				648364AE20554B7B0023C91B /* AppDelegate.h */,
				648364AF20554B7B0023C91B /* AppDelegate.m */,
				648364B120554B7B0023C91B /* ViewController.h */,
				648364B220554B7B0023C91B /* ViewController.m */,
				648364B420554B7B0023C91B /* Main.storyboard */,
				648364B720554B7B0023C91B /* Assets.xcassets */,
				648364B920554B7B0023C91B /* LaunchScreen.storyboard */,
				648364BC20554B7B0023C91B /* Info.plist */,
				648364BD20554B7B0023C91B /* main.m */,
			);
			path = runloop;
			sourceTree = "<group>";
		};
/* End PBXGroup section */

/* Begin PBXNativeTarget section */
		648364AA20554B7B0023C91B /* runloop */ = {
			isa = PBXNativeTarget;
			buildConfigurationList = 648364C120554B7B0023C91B /* Build configuration list for PBXNativeTarget "runloop" */;
			buildPhases = (
				648364A720554B7B0023C91B /* Sources */,
				648364A820554B7B0023C91B /* Frameworks */,
				648364A920554B7B0023C91B /* Resources */,
			);
			buildRules = (
			);
			dependencies = (
			);
			name = runloop;
			productName = runloop;
			productReference = 648364AB20554B7B0023C91B /* runloop.app */;
			productType = "com.apple.product-type.application";
		};
/* End PBXNativeTarget section */

/* Begin PBXProject section */
		648364A320554B7B0023C91B /* Project object */ = {
			isa = PBXProject;
			attributes = {
				LastUpgradeCheck = 0920;
				ORGANIZATIONNAME = youkuhd;
				TargetAttributes = {
					648364AA20554B7B0023C91B = {
						CreatedOnToolsVersion = 9.2;
						ProvisioningStyle = Automatic;
					};
				};
			};
			buildConfigurationList = 648364A620554B7B0023C91B /* Build configuration list for PBXProject "runloop" */;
			compatibilityVersion = "Xcode 8.0";
			developmentRegion = en;
			hasScannedForEncodings = 0;
			knownRegions = (
				en,
				Base,
			);
			mainGroup = 648364A220554B7B0023C91B;
			productRefGroup = 648364AC20554B7B0023C91B /* Products */;
			projectDirPath = "";
			projectRoot = "";
			targets = (
				648364AA20554B7B0023C91B /* runloop */,
			);
		};
/* End PBXProject section */

/* Begin PBXResourcesBuildPhase section */
		648364A920554B7B0023C91B /* Resources */ = {
			isa = PBXResourcesBuildPhase;
			buildActionMask = 2147483647;
			files = (
				648364BB20554B7B0023C91B /* LaunchScreen.storyboard in Resources */,
				648364B820554B7B0023C91B /* Assets.xcassets in Resources */,
				648364B620554B7B0023C91B /* Main.storyboard in Resources */,
			);
			runOnlyForDeploymentPostprocessing = 0;
		};
/* End PBXResourcesBuildPhase section */

/* Begin PBXSourcesBuildPhase section */
		648364A720554B7B0023C91B /* Sources */ = {
			isa = PBXSourcesBuildPhase;
			buildActionMask = 2147483647;
			files = (
				648364B320554B7B0023C91B /* ViewController.m in Sources */,
				648364BE20554B7B0023C91B /* main.m in Sources */,
				648364B020554B7B0023C91B /* AppDelegate.m in Sources */,
			);
			runOnlyForDeploymentPostprocessing = 0;
		};
/* End PBXSourcesBuildPhase section */

/* Begin PBXVariantGroup section */
		648364B420554B7B0023C91B /* Main.storyboard */ = {
			isa = PBXVariantGroup;
			children = (
				648364B520554B7B0023C91B /* Base */,
			);
			name = Main.storyboard;
			sourceTree = "<group>";
		};
		648364B920554B7B0023C91B /* LaunchScreen.storyboard */ = {
			isa = PBXVariantGroup;
			children = (
				648364BA20554B7B0023C91B /* Base */,
			);
			name = LaunchScreen.storyboard;
			sourceTree = "<group>";
		};
/* End PBXVariantGroup section */

/* Begin XCBuildConfiguration section */
		648364BF20554B7B0023C91B /* Debug */ = {
			isa = XCBuildConfiguration;
			buildSettings = {
				ALWAYS_SEARCH_USER_PATHS = NO;
				CLANG_ANALYZER_NONNULL = YES;
				CLANG_ANALYZER_NUMBER_OBJECT_CONVERSION = YES_AGGRESSIVE;
				CLANG_CXX_LANGUAGE_STANDARD = "gnu++14";
				CLANG_CXX_LIBRARY = "libc++";
				CLANG_ENABLE_MODULES = YES;
				CLANG_ENABLE_OBJC_ARC = YES;
				CLANG_WARN_BLOCK_CAPTURE_AUTORELEASING = YES;
				CLANG_WARN_BOOL_CONVERSION = YES;
				CLANG_WARN_COMMA = YES;
				CLANG_WARN_CONSTANT_CONVERSION = YES;
				CLANG_WARN_DIRECT_OBJC_ISA_USAGE = YES_ERROR;
				CLANG_WARN_DOCUMENTATION_COMMENTS = YES;
				CLANG_WARN_EMPTY_BODY = YES;
				CLANG_WARN_ENUM_CONVERSION = YES;
				CLANG_WARN_INFINITE_RECURSION = YES;
				CLANG_WARN_INT_CONVERSION = YES;
				CLANG_WARN_NON_LITERAL_NULL_CONVERSION = YES;
				CLANG_WARN_OBJC_LITERAL_CONVERSION = YES;
				CLANG_WARN_OBJC_ROOT_CLASS = YES_ERROR;
				CLANG_WARN_RANGE_LOOP_ANALYSIS = YES;
				CLANG_WARN_STRICT_PROTOTYPES = YES;
				CLANG_WARN_SUSPICIOUS_MOVE = YES;
				CLANG_WARN_UNGUARDED_AVAILABILITY = YES_AGGRESSIVE;
				CLANG_WARN_UNREACHABLE_CODE = YES;
				CLANG_WARN__DUPLICATE_METHOD_MATCH = YES;
				CODE_SIGN_IDENTITY = "iPhone Developer";
				COPY_PHASE_STRIP = NO;
				DEBUG_INFORMATION_FORMAT = dwarf;
				ENABLE_STRICT_OBJC_MSGSEND = YES;
				ENABLE_TESTABILITY = YES;
				GCC_C_LANGUAGE_STANDARD = gnu11;
				GCC_DYNAMIC_NO_PIC = NO;
				GCC_NO_COMMON_BLOCKS = YES;
				GCC_OPTIMIZATION_LEVEL = 0;
				GCC_PREPROCESSOR_DEFINITIONS = (
					"DEBUG=1",
					"$(inherited)",
				);
				GCC_WARN_64_TO_32_BIT_CONVERSION = YES;
				GCC_WARN_ABOUT_RETURN_TYPE = YES_ERROR;
				GCC_WARN_UNDECLARED_SELECTOR = YES;
				GCC_WARN_UNINITIALIZED_AUTOS = YES_AGGRESSIVE;
				GCC_WARN_UNUSED_FUNCTION = YES;
				GCC_WARN_UNUSED_VARIABLE = YES;
				IPHONEOS_DEPLOYMENT_TARGET = 11.2;
				MTL_ENABLE_DEBUG_INFO = YES;
				ONLY_ACTIVE_ARCH = YES;
				SDKROOT = iphoneos;
			};
			name = Debug;
		};
		648364C020554B7B0023C91B /* Release */ = {
			isa = XCBuildConfiguration;
			buildSettings = {
				ALWAYS_SEARCH_USER_PATHS = NO;
				CLANG_ANALYZER_NONNULL = YES;
				CLANG_ANALYZER_NUMBER_OBJECT_CONVERSION = YES_AGGRESSIVE;
				CLANG_CXX_LANGUAGE_STANDARD = "gnu++14";
				CLANG_CXX_LIBRARY = "libc++";
				CLANG_ENABLE_MODULES = YES;
				CLANG_ENABLE_OBJC_ARC = YES;
				CLANG_WARN_BLOCK_CAPTURE_AUTORELEASING = YES;
				CLANG_WARN_BOOL_CONVERSION = YES;
				CLANG_WARN_COMMA = YES;
				CLANG_WARN_CONSTANT_CONVERSION = YES;
				CLANG_WARN_DIRECT_OBJC_ISA_USAGE = YES_ERROR;
				CLANG_WARN_DOCUMENTATION_COMMENTS = YES;
				CLANG_WARN_EMPTY_BODY = YES;
				CLANG_WARN_ENUM_CONVERSION = YES;
				CLANG_WARN_INFINITE_RECURSION = YES;
				CLANG_WARN_INT_CONVERSION = YES;
				CLANG_WARN_NON_LITERAL_NULL_CONVERSION = YES;
				CLANG_WARN_OBJC_LITERAL_CONVERSION = YES;
				CLANG_WARN_OBJC_ROOT_CLASS = YES_ERROR;
				CLANG_WARN_RANGE_LOOP_ANALYSIS = YES;
				CLANG_WARN_STRICT_PROTOTYPES = YES;
				CLANG_WARN_SUSPICIOUS_MOVE = YES;
				CLANG_WARN_UNGUARDED_AVAILABILITY = YES_AGGRESSIVE;
				CLANG_WARN_UNREACHABLE_CODE = YES;
				CLANG_WARN__DUPLICATE_METHOD_MATCH = YES;
				CODE_SIGN_IDENTITY = "iPhone Developer";
				COPY_PHASE_STRIP = NO;
				DEBUG_INFORMATION_FORMAT = "dwarf-with-dsym";
				ENABLE_NS_ASSERTIONS = NO;
				ENABLE_STRICT_OBJC_MSGSEND = YES;
				GCC_C_LANGUAGE_STANDARD = gnu11;
				GCC_NO_COMMON_BLOCKS = YES;
				GCC_WARN_64_TO_32_BIT_CONVERSION = YES;
				GCC_WARN_ABOUT_RETURN_TYPE = YES_ERROR;
				GCC_WARN_UNDECLARED_SELECTOR = YES;
				GCC_WARN_UNINITIALIZED_AUTOS = YES_AGGRESSIVE;
				GCC_WARN_UNUSED_FUNCTION = YES;
				GCC_WARN_UNUSED_VARIABLE = YES;
				IPHONEOS_DEPLOYMENT_TARGET = 11.2;
				MTL_ENABLE_DEBUG_INFO = NO;
				SDKROOT = iphoneos;
				VALIDATE_PRODUCT = YES;
			};
			name = Release;
		};
		648364C220554B7B0023C91B /* Debug */ = {
			isa = XCBuildConfiguration;
			buildSettings = {
				ASSETCATALOG_COMPILER_APPICON_NAME = AppIcon;
				CODE_SIGN_STYLE = Automatic;
				DEVELOPMENT_TEAM = KRJ5773LZU;
				INFOPLIST_FILE = runloop/Info.plist;
				LD_RUNPATH_SEARCH_PATHS = "$(inherited) @executable_path/Frameworks";
				PRODUCT_BUNDLE_IDENTIFIER = com.youku.hd.runloop;
				PRODUCT_NAME = "$(TARGET_NAME)";
				TARGETED_DEVICE_FAMILY = "1,2";
			};
			name = Debug;
		};
		648364C320554B7B0023C91B /* Release */ = {
			isa = XCBuildConfiguration;
			buildSettings = {
				ASSETCATALOG_COMPILER_APPICON_NAME = AppIcon;
				CODE_SIGN_STYLE = Automatic;
				DEVELOPMENT_TEAM = KRJ5773LZU;
				INFOPLIST_FILE = runloop/Info.plist;
				LD_RUNPATH_SEARCH_PATHS = "$(inherited) @executable_path/Frameworks";
				PRODUCT_BUNDLE_IDENTIFIER = com.youku.hd.runloop;
				PRODUCT_NAME = "$(TARGET_NAME)";
				TARGETED_DEVICE_FAMILY = "1,2";
			};
			name = Release;
		};
/* End XCBuildConfiguration section */

/* Begin XCConfigurationList section */
		648364A620554B7B0023C91B /* Build configuration list for PBXProject "runloop" */ = {
			isa = XCConfigurationList;
			buildConfigurations = (
				648364BF20554B7B0023C91B /* Debug */,
				648364C020554B7B0023C91B /* Release */,
			);
			defaultConfigurationIsVisible = 0;
			defaultConfigurationName = Release;
		};
		648364C120554B7B0023C91B /* Build configuration list for PBXNativeTarget "runloop" */ = {
			isa = XCConfigurationList;
			buildConfigurations = (
				648364C220554B7B0023C91B /* Debug */,
				648364C320554B7B0023C91B /* Release */,
			);
			defaultConfigurationIsVisible = 0;
			defaultConfigurationName = Release;
		};
/* End XCConfigurationList section */
	};
	rootObject = 648364A320554B7B0023C91B /* Project object */;
}
